
Microsoft Visual Studio Solution File, Format Version 12.00
# Visual Studio 15
VisualStudioVersion = 15.0.26124.0
MinimumVisualStudioVersion = 15.0.26124.0
Project("{FAE04EC0-301F-11D3-BF4B-00C04F79EFBC}") = "Domain", "domain\Domain.csproj", "{31F0A496-D93A-4290-AF53-3219CF0296AF}"
EndProject
Project("{FAE04EC0-301F-11D3-BF4B-00C04F79EFBC}") = "Application", "application\Application.csproj", "{C1C71053-4611-46C3-994A-0EA5ABF20395}"
EndProject
Project("{FAE04EC0-301F-11D3-BF4B-00C04F79EFBC}") = "Persistence", "persistence\Persistence.csproj", "{3AC56BFA-92FF-4732-A0E9-59E7D64573C2}"
EndProject
Project("{FAE04EC0-301F-11D3-BF4B-00C04F79EFBC}") = "API", "api\API.csproj", "{6B04793D-06C8-4653-9960-5284E3CEA0FF}"
EndProject
Global
	GlobalSection(SolutionConfigurationPlatforms) = preSolution
		Debug|Any CPU = Debug|Any CPU
		Debug|x64 = Debug|x64
		Debug|x86 = Debug|x86
		Release|Any CPU = Release|Any CPU
		Release|x64 = Release|x64
		Release|x86 = Release|x86
	EndGlobalSection
	GlobalSection(SolutionProperties) = preSolution
		HideSolutionNode = FALSE
	EndGlobalSection
	GlobalSection(ProjectConfigurationPlatforms) = postSolution
		{31F0A496-D93A-4290-AF53-3219CF0296AF}.Debug|Any CPU.ActiveCfg = Debug|Any CPU
		{31F0A496-D93A-4290-AF53-3219CF0296AF}.Debug|Any CPU.Build.0 = Debug|Any CPU
		{31F0A496-D93A-4290-AF53-3219CF0296AF}.Debug|x64.ActiveCfg = Debug|Any CPU
		{31F0A496-D93A-4290-AF53-3219CF0296AF}.Debug|x64.Build.0 = Debug|Any CPU
		{31F0A496-D93A-4290-AF53-3219CF0296AF}.Debug|x86.ActiveCfg = Debug|Any CPU
		{31F0A496-D93A-4290-AF53-3219CF0296AF}.Debug|x86.Build.0 = Debug|Any CPU
		{31F0A496-D93A-4290-AF53-3219CF0296AF}.Release|Any CPU.ActiveCfg = Release|Any CPU
		{31F0A496-D93A-4290-AF53-3219CF0296AF}.Release|Any CPU.Build.0 = Release|Any CPU
		{31F0A496-D93A-4290-AF53-3219CF0296AF}.Release|x64.ActiveCfg = Release|Any CPU
		{31F0A496-D93A-4290-AF53-3219CF0296AF}.Release|x64.Build.0 = Release|Any CPU
		{31F0A496-D93A-4290-AF53-3219CF0296AF}.Release|x86.ActiveCfg = Release|Any CPU
		{31F0A496-D93A-4290-AF53-3219CF0296AF}.Release|x86.Build.0 = Release|Any CPU
		{C1C71053-4611-46C3-994A-0EA5ABF20395}.Debug|Any CPU.ActiveCfg = Debug|Any CPU
		{C1C71053-4611-46C3-994A-0EA5ABF20395}.Debug|Any CPU.Build.0 = Debug|Any CPU
		{C1C71053-4611-46C3-994A-0EA5ABF20395}.Debug|x64.ActiveCfg = Debug|Any CPU
		{C1C71053-4611-46C3-994A-0EA5ABF20395}.Debug|x64.Build.0 = Debug|Any CPU
		{C1C71053-4611-46C3-994A-0EA5ABF20395}.Debug|x86.ActiveCfg = Debug|Any CPU
		{C1C71053-4611-46C3-994A-0EA5ABF20395}.Debug|x86.Build.0 = Debug|Any CPU
		{C1C71053-4611-46C3-994A-0EA5ABF20395}.Release|Any CPU.ActiveCfg = Release|Any CPU
		{C1C71053-4611-46C3-994A-0EA5ABF20395}.Release|Any CPU.Build.0 = Release|Any CPU
		{C1C71053-4611-46C3-994A-0EA5ABF20395}.Release|x64.ActiveCfg = Release|Any CPU
		{C1C71053-4611-46C3-994A-0EA5ABF20395}.Release|x64.Build.0 = Release|Any CPU
		{C1C71053-4611-46C3-994A-0EA5ABF20395}.Release|x86.ActiveCfg = Release|Any CPU
		{C1C71053-4611-46C3-994A-0EA5ABF20395}.Release|x86.Build.0 = Release|Any CPU
		{3AC56BFA-92FF-4732-A0E9-59E7D64573C2}.Debug|Any CPU.ActiveCfg = Debug|Any CPU
		{3AC56BFA-92FF-4732-A0E9-59E7D64573C2}.Debug|Any CPU.Build.0 = Debug|Any CPU
		{3AC56BFA-92FF-4732-A0E9-59E7D64573C2}.Debug|x64.ActiveCfg = Debug|Any CPU
		{3AC56BFA-92FF-4732-A0E9-59E7D64573C2}.Debug|x64.Build.0 = Debug|Any CPU
		{3AC56BFA-92FF-4732-A0E9-59E7D64573C2}.Debug|x86.ActiveCfg = Debug|Any CPU
		{3AC56BFA-92FF-4732-A0E9-59E7D64573C2}.Debug|x86.Build.0 = Debug|Any CPU
		{3AC56BFA-92FF-4732-A0E9-59E7D64573C2}.Release|Any CPU.ActiveCfg = Release|Any CPU
		{3AC56BFA-92FF-4732-A0E9-59E7D64573C2}.Release|Any CPU.Build.0 = Release|Any CPU
		{3AC56BFA-92FF-4732-A0E9-59E7D64573C2}.Release|x64.ActiveCfg = Release|Any CPU
		{3AC56BFA-92FF-4732-A0E9-59E7D64573C2}.Release|x64.Build.0 = Release|Any CPU
		{3AC56BFA-92FF-4732-A0E9-59E7D64573C2}.Release|x86.ActiveCfg = Release|Any CPU
		{3AC56BFA-92FF-4732-A0E9-59E7D64573C2}.Release|x86.Build.0 = Release|Any CPU
		{6B04793D-06C8-4653-9960-5284E3CEA0FF}.Debug|Any CPU.ActiveCfg = Debug|Any CPU
		{6B04793D-06C8-4653-9960-5284E3CEA0FF}.Debug|Any CPU.Build.0 = Debug|Any CPU
		{6B04793D-06C8-4653-9960-5284E3CEA0FF}.Debug|x64.ActiveCfg = Debug|Any CPU
		{6B04793D-06C8-4653-9960-5284E3CEA0FF}.Debug|x64.Build.0 = Debug|Any CPU
		{6B04793D-06C8-4653-9960-5284E3CEA0FF}.Debug|x86.ActiveCfg = Debug|Any CPU
		{6B04793D-06C8-4653-9960-5284E3CEA0FF}.Debug|x86.Build.0 = Debug|Any CPU
		{6B04793D-06C8-4653-9960-5284E3CEA0FF}.Release|Any CPU.ActiveCfg = Release|Any CPU
		{6B04793D-06C8-4653-9960-5284E3CEA0FF}.Release|Any CPU.Build.0 = Release|Any CPU
		{6B04793D-06C8-4653-9960-5284E3CEA0FF}.Release|x64.ActiveCfg = Release|Any CPU
		{6B04793D-06C8-4653-9960-5284E3CEA0FF}.Release|x64.Build.0 = Release|Any CPU
		{6B04793D-06C8-4653-9960-5284E3CEA0FF}.Release|x86.ActiveCfg = Release|Any CPU
		{6B04793D-06C8-4653-9960-5284E3CEA0FF}.Release|x86.Build.0 = Release|Any CPU
	EndGlobalSection
EndGlobal
